
Microsoft Visual Studio Solution File, Format Version 12.00
# Visual Studio 2013
VisualStudioVersion = 12.0.21005.1
MinimumVisualStudioVersion = 10.0.40219.1
Project("{9092AA53-FB77-4645-B42D-1CCCA6BD08BD}") = "testapp", "testapp\testapp.njsproj", "{A7EF68BA-C6A3-4DAA-9570-3B8FA5053BCC}"
EndProject
Global
	GlobalSection(SolutionConfigurationPlatforms) = preSolution
		Debug|Any CPU = Debug|Any CPU
		Release|Any CPU = Release|Any CPU
	EndGlobalSection
	GlobalSection(ProjectConfigurationPlatforms) = postSolution
		{A7EF68BA-C6A3-4DAA-9570-3B8FA5053BCC}.Debug|Any CPU.ActiveCfg = Debug|Any CPU
		{A7EF68BA-C6A3-4DAA-9570-3B8FA5053BCC}.Debug|Any CPU.Build.0 = Debug|Any CPU
		{A7EF68BA-C6A3-4DAA-9570-3B8FA5053BCC}.Release|Any CPU.ActiveCfg = Release|Any CPU
		{A7EF68BA-C6A3-4DAA-9570-3B8FA5053BCC}.Release|Any CPU.Build.0 = Release|Any CPU
	EndGlobalSection
	GlobalSection(SolutionProperties) = preSolution
		HideSolutionNode = FALSE
	EndGlobalSection
EndGlobal
